
Microsoft Visual Studio Solution File, Format Version 12.00
# Visual Studio Version 17
VisualStudioVersion = 17.5.33424.131
MinimumVisualStudioVersion = 10.0.40219.1
Project("{FAE04EC0-301F-11D3-BF4B-00C04F79EFBC}") = "lab1-project", "lab1-project\lab1-project.csproj", "{E0522FF3-55CD-4259-A3CA-D6A9B9F5D3FE}"
EndProject
Global
	GlobalSection(SolutionConfigurationPlatforms) = preSolution
		Debug|Any CPU = Debug|Any CPU
		Release|Any CPU = Release|Any CPU
	EndGlobalSection
	GlobalSection(ProjectConfigurationPlatforms) = postSolution
		{E0522FF3-55CD-4259-A3CA-D6A9B9F5D3FE}.Debug|Any CPU.ActiveCfg = Debug|Any CPU
		{E0522FF3-55CD-4259-A3CA-D6A9B9F5D3FE}.Debug|Any CPU.Build.0 = Debug|Any CPU
		{E0522FF3-55CD-4259-A3CA-D6A9B9F5D3FE}.Release|Any CPU.ActiveCfg = Release|Any CPU
		{E0522FF3-55CD-4259-A3CA-D6A9B9F5D3FE}.Release|Any CPU.Build.0 = Release|Any CPU
	EndGlobalSection
	GlobalSection(SolutionProperties) = preSolution
		HideSolutionNode = FALSE
	EndGlobalSection
	GlobalSection(ExtensibilityGlobals) = postSolution
		SolutionGuid = {DC03568C-C10C-4774-B795-6412DE900F6F}
	EndGlobalSection
EndGlobal
